
Microsoft Visual Studio Solution File, Format Version 12.00
# Visual Studio Version 17
VisualStudioVersion = 17.3.32922.545
MinimumVisualStudioVersion = 10.0.40219.1
Project("{FAE04EC0-301F-11D3-BF4B-00C04F79EFBC}") = "myFirstApp", "myFirstApp\myFirstApp.csproj", "{1A8A2226-DA43-4A31-9FBD-B11C523F5478}"
EndProject
Project("{FAE04EC0-301F-11D3-BF4B-00C04F79EFBC}") = "data+variables", "..\data+variables\data+variables.csproj", "{9F1DB6F7-4A85-4A1C-8B95-393E6951D566}"
EndProject
Global
	GlobalSection(SolutionConfigurationPlatforms) = preSolution
		BuildExport|Any CPU = BuildExport|Any CPU
		Debug|Any CPU = Debug|Any CPU
		Release|Any CPU = Release|Any CPU
	EndGlobalSection
	GlobalSection(ProjectConfigurationPlatforms) = postSolution
		{1A8A2226-DA43-4A31-9FBD-B11C523F5478}.BuildExport|Any CPU.ActiveCfg = BuildExport|Any CPU
		{1A8A2226-DA43-4A31-9FBD-B11C523F5478}.BuildExport|Any CPU.Build.0 = BuildExport|Any CPU
		{1A8A2226-DA43-4A31-9FBD-B11C523F5478}.Debug|Any CPU.ActiveCfg = Debug|Any CPU
		{1A8A2226-DA43-4A31-9FBD-B11C523F5478}.Debug|Any CPU.Build.0 = Debug|Any CPU
		{1A8A2226-DA43-4A31-9FBD-B11C523F5478}.Release|Any CPU.ActiveCfg = Release|Any CPU
		{1A8A2226-DA43-4A31-9FBD-B11C523F5478}.Release|Any CPU.Build.0 = Release|Any CPU
		{9F1DB6F7-4A85-4A1C-8B95-393E6951D566}.BuildExport|Any CPU.ActiveCfg = Debug|Any CPU
		{9F1DB6F7-4A85-4A1C-8B95-393E6951D566}.BuildExport|Any CPU.Build.0 = Debug|Any CPU
		{9F1DB6F7-4A85-4A1C-8B95-393E6951D566}.Debug|Any CPU.ActiveCfg = Debug|Any CPU
		{9F1DB6F7-4A85-4A1C-8B95-393E6951D566}.Debug|Any CPU.Build.0 = Debug|Any CPU
		{9F1DB6F7-4A85-4A1C-8B95-393E6951D566}.Release|Any CPU.ActiveCfg = Release|Any CPU
		{9F1DB6F7-4A85-4A1C-8B95-393E6951D566}.Release|Any CPU.Build.0 = Release|Any CPU
	EndGlobalSection
	GlobalSection(SolutionProperties) = preSolution
		HideSolutionNode = FALSE
	EndGlobalSection
	GlobalSection(ExtensibilityGlobals) = postSolution
		SolutionGuid = {26194710-0A8F-44CB-B222-3778DFA4751E}
	EndGlobalSection
EndGlobal
